
Microsoft Visual Studio Solution File, Format Version 12.00
Project("{2150E333-8FDC-42A3-9474-1A3956D46DE8}") = "src", "src", "{E34FAA76-3826-464C-A694-1859B423622F}"
EndProject
Project("{2150E333-8FDC-42A3-9474-1A3956D46DE8}") = "tests", "tests", "{6E8C698C-6286-4E33-AE20-F9B93D5E1233}"
EndProject
Project("{FAE04EC0-301F-11D3-BF4B-00C04F79EFBC}") = "Stocks.Core", "Stocks.Core\Stocks.Core.csproj", "{D9933DFF-F72F-405B-8E67-AAFD0596ABED}"
EndProject
Project("{FAE04EC0-301F-11D3-BF4B-00C04F79EFBC}") = "Stocks.Infrastructure", "Stocks.Infrastructure\Stocks.Infrastructure.csproj", "{285B966B-180F-4E92-A489-2E2B168766B6}"
EndProject
Project("{FAE04EC0-301F-11D3-BF4B-00C04F79EFBC}") = "Stocks.Web", "Stocks.Web\Stocks.Web.csproj", "{4E096615-5E03-4174-9B18-E0CA7CEA4FAB}"
EndProject
Project("{FAE04EC0-301F-11D3-BF4B-00C04F79EFBC}") = "Stocks.Controllers.Tests", "Stocks.Controllers.Tests\Stocks.Controllers.Tests.csproj", "{A304127D-180F-4EDA-93D9-35AB91B550FA}"
EndProject
Project("{FAE04EC0-301F-11D3-BF4B-00C04F79EFBC}") = "Stocks.Integration.Tests", "Stocks.Integration.Tests\Stocks.Integration.Tests.csproj", "{CFBEDA66-78F2-42A5-80DE-56EE8A83EAF6}"
EndProject
Project("{FAE04EC0-301F-11D3-BF4B-00C04F79EFBC}") = "Stocks.Services.Tests", "Stocks.Services.Tests\Stocks.Services.Tests.csproj", "{B77E1A87-F1F2-44BD-8F34-7DBC0E07865E}"
EndProject
Global
	GlobalSection(SolutionConfigurationPlatforms) = preSolution
		Debug|Any CPU = Debug|Any CPU
		Release|Any CPU = Release|Any CPU
	EndGlobalSection
	GlobalSection(ProjectConfigurationPlatforms) = postSolution
		{D9933DFF-F72F-405B-8E67-AAFD0596ABED}.Debug|Any CPU.ActiveCfg = Debug|Any CPU
		{D9933DFF-F72F-405B-8E67-AAFD0596ABED}.Debug|Any CPU.Build.0 = Debug|Any CPU
		{D9933DFF-F72F-405B-8E67-AAFD0596ABED}.Release|Any CPU.ActiveCfg = Release|Any CPU
		{D9933DFF-F72F-405B-8E67-AAFD0596ABED}.Release|Any CPU.Build.0 = Release|Any CPU
		{285B966B-180F-4E92-A489-2E2B168766B6}.Debug|Any CPU.ActiveCfg = Debug|Any CPU
		{285B966B-180F-4E92-A489-2E2B168766B6}.Debug|Any CPU.Build.0 = Debug|Any CPU
		{285B966B-180F-4E92-A489-2E2B168766B6}.Release|Any CPU.ActiveCfg = Release|Any CPU
		{285B966B-180F-4E92-A489-2E2B168766B6}.Release|Any CPU.Build.0 = Release|Any CPU
		{4E096615-5E03-4174-9B18-E0CA7CEA4FAB}.Debug|Any CPU.ActiveCfg = Debug|Any CPU
		{4E096615-5E03-4174-9B18-E0CA7CEA4FAB}.Debug|Any CPU.Build.0 = Debug|Any CPU
		{4E096615-5E03-4174-9B18-E0CA7CEA4FAB}.Release|Any CPU.ActiveCfg = Release|Any CPU
		{4E096615-5E03-4174-9B18-E0CA7CEA4FAB}.Release|Any CPU.Build.0 = Release|Any CPU
		{A304127D-180F-4EDA-93D9-35AB91B550FA}.Debug|Any CPU.ActiveCfg = Debug|Any CPU
		{A304127D-180F-4EDA-93D9-35AB91B550FA}.Debug|Any CPU.Build.0 = Debug|Any CPU
		{A304127D-180F-4EDA-93D9-35AB91B550FA}.Release|Any CPU.ActiveCfg = Release|Any CPU
		{A304127D-180F-4EDA-93D9-35AB91B550FA}.Release|Any CPU.Build.0 = Release|Any CPU
		{CFBEDA66-78F2-42A5-80DE-56EE8A83EAF6}.Debug|Any CPU.ActiveCfg = Debug|Any CPU
		{CFBEDA66-78F2-42A5-80DE-56EE8A83EAF6}.Debug|Any CPU.Build.0 = Debug|Any CPU
		{CFBEDA66-78F2-42A5-80DE-56EE8A83EAF6}.Release|Any CPU.ActiveCfg = Release|Any CPU
		{CFBEDA66-78F2-42A5-80DE-56EE8A83EAF6}.Release|Any CPU.Build.0 = Release|Any CPU
		{B77E1A87-F1F2-44BD-8F34-7DBC0E07865E}.Debug|Any CPU.ActiveCfg = Debug|Any CPU
		{B77E1A87-F1F2-44BD-8F34-7DBC0E07865E}.Debug|Any CPU.Build.0 = Debug|Any CPU
		{B77E1A87-F1F2-44BD-8F34-7DBC0E07865E}.Release|Any CPU.ActiveCfg = Release|Any CPU
		{B77E1A87-F1F2-44BD-8F34-7DBC0E07865E}.Release|Any CPU.Build.0 = Release|Any CPU
	EndGlobalSection
	GlobalSection(NestedProjects) = preSolution
		{D9933DFF-F72F-405B-8E67-AAFD0596ABED} = {E34FAA76-3826-464C-A694-1859B423622F}
		{285B966B-180F-4E92-A489-2E2B168766B6} = {E34FAA76-3826-464C-A694-1859B423622F}
		{4E096615-5E03-4174-9B18-E0CA7CEA4FAB} = {E34FAA76-3826-464C-A694-1859B423622F}
		{A304127D-180F-4EDA-93D9-35AB91B550FA} = {6E8C698C-6286-4E33-AE20-F9B93D5E1233}
		{CFBEDA66-78F2-42A5-80DE-56EE8A83EAF6} = {6E8C698C-6286-4E33-AE20-F9B93D5E1233}
		{B77E1A87-F1F2-44BD-8F34-7DBC0E07865E} = {6E8C698C-6286-4E33-AE20-F9B93D5E1233}
	EndGlobalSection
EndGlobal
